
Microsoft Visual Studio Solution File, Format Version 12.00
# Visual Studio Version 16
VisualStudioVersion = 16.0.30621.155
MinimumVisualStudioVersion = 10.0.40219.1
Project("{FAE04EC0-301F-11D3-BF4B-00C04F79EFBC}") = "ToolsQA", "ToolsQA\ToolsQA.csproj", "{145A7A16-B8F9-4607-B271-F894DC3CBD03}"
EndProject
Global
	GlobalSection(SolutionConfigurationPlatforms) = preSolution
		Debug|Any CPU = Debug|Any CPU
		Release|Any CPU = Release|Any CPU
	EndGlobalSection
	GlobalSection(ProjectConfigurationPlatforms) = postSolution
		{145A7A16-B8F9-4607-B271-F894DC3CBD03}.Debug|Any CPU.ActiveCfg = Debug|Any CPU
		{145A7A16-B8F9-4607-B271-F894DC3CBD03}.Debug|Any CPU.Build.0 = Debug|Any CPU
		{145A7A16-B8F9-4607-B271-F894DC3CBD03}.Release|Any CPU.ActiveCfg = Release|Any CPU
		{145A7A16-B8F9-4607-B271-F894DC3CBD03}.Release|Any CPU.Build.0 = Release|Any CPU
	EndGlobalSection
	GlobalSection(SolutionProperties) = preSolution
		HideSolutionNode = FALSE
	EndGlobalSection
	GlobalSection(ExtensibilityGlobals) = postSolution
		SolutionGuid = {84E05777-B9B9-4701-9FD3-C69D638BECB3}
	EndGlobalSection
EndGlobal
